
Microsoft Visual Studio Solution File, Format Version 12.00
# Visual Studio 15
VisualStudioVersion = 15.0.27428.2005
MinimumVisualStudioVersion = 10.0.40219.1
Project("{FAE04EC0-301F-11D3-BF4B-00C04F79EFBC}") = "USASchedulerASPWEB", "USASchedulerASPWEB\USASchedulerASPWEB.csproj", "{87F33C37-F401-4C01-B1D3-9B70E732F32D}"
EndProject
Global
	GlobalSection(SolutionConfigurationPlatforms) = preSolution
		Debug|Any CPU = Debug|Any CPU
		Release|Any CPU = Release|Any CPU
	EndGlobalSection
	GlobalSection(ProjectConfigurationPlatforms) = postSolution
		{87F33C37-F401-4C01-B1D3-9B70E732F32D}.Debug|Any CPU.ActiveCfg = Debug|Any CPU
		{87F33C37-F401-4C01-B1D3-9B70E732F32D}.Debug|Any CPU.Build.0 = Debug|Any CPU
		{87F33C37-F401-4C01-B1D3-9B70E732F32D}.Release|Any CPU.ActiveCfg = Release|Any CPU
		{87F33C37-F401-4C01-B1D3-9B70E732F32D}.Release|Any CPU.Build.0 = Release|Any CPU
	EndGlobalSection
	GlobalSection(SolutionProperties) = preSolution
		HideSolutionNode = FALSE
	EndGlobalSection
	GlobalSection(ExtensibilityGlobals) = postSolution
		SolutionGuid = {087D7570-E4D6-4761-AA88-A55A3AA0FA70}
	EndGlobalSection
EndGlobal
